# This file is autogenerated, do not edit; changes may be undone by the next 'dep ensure'.


[[projects]]
  name = "github.com/denisbrodbeck/machineid"
  packages = ["."]
  revision = "2777226d0340d8da18b49993ce2b4aeb9c1c6929"
  version = "v0.8.0"

[[projects]]
  branch = "master"
  name = "golang.org/x/sys"
  packages = [
    "windows",
    "windows/registry"
  ]
  revision = "7138fd3d9dc8335c567ca206f4333fb75eb05d56"

[solve-meta]
  analyzer-name = "dep"
  analyzer-version = 1
  inputs-digest = "0bca4d3e9e9ed6e4e2faff9ddf6ae285fe94a25f2a51ccc147e5f68ce7a45dd4"
  solver-name = "gps-cdcl"
  solver-version = 1
